
Microsoft Visual Studio Solution File, Format Version 12.00
# Visual Studio 2012
Project("{FAE04EC0-301F-11D3-BF4B-00C04F79EFBC}") = "WavePropagationApp", "WindowsFormsApplication1\WavePropagationApp.csproj", "{B25419A7-EAB3-45A9-9774-64FBF909EA88}"
EndProject
Global
	GlobalSection(SolutionConfigurationPlatforms) = preSolution
		Debug|Any CPU = Debug|Any CPU
		Release|Any CPU = Release|Any CPU
	EndGlobalSection
	GlobalSection(ProjectConfigurationPlatforms) = postSolution
		{B25419A7-EAB3-45A9-9774-64FBF909EA88}.Debug|Any CPU.ActiveCfg = Debug|Any CPU
		{B25419A7-EAB3-45A9-9774-64FBF909EA88}.Debug|Any CPU.Build.0 = Debug|Any CPU
		{B25419A7-EAB3-45A9-9774-64FBF909EA88}.Release|Any CPU.ActiveCfg = Release|Any CPU
		{B25419A7-EAB3-45A9-9774-64FBF909EA88}.Release|Any CPU.Build.0 = Release|Any CPU
	EndGlobalSection
	GlobalSection(SolutionProperties) = preSolution
		HideSolutionNode = FALSE
	EndGlobalSection
EndGlobal
